// !$*UTF8*$!
{
	archiveVersion = 1;
	classes = {
	};
	objectVersion = 55;
	objects = {

/* Begin PBXBuildFile section */
		110BE64127A4383500691BC0 /* API.swift in Sources */ = {isa = PBXBuildFile; fileRef = 110BE64027A4383500691BC0 /* API.swift */; };
		1119FA322787307E00AF25E1 /* AppDelegate.swift in Sources */ = {isa = PBXBuildFile; fileRef = 1119FA312787307E00AF25E1 /* AppDelegate.swift */; };
		1119FA342787307E00AF25E1 /* SceneDelegate.swift in Sources */ = {isa = PBXBuildFile; fileRef = 1119FA332787307E00AF25E1 /* SceneDelegate.swift */; };
		1119FA3B2787308200AF25E1 /* Assets.xcassets in Resources */ = {isa = PBXBuildFile; fileRef = 1119FA3A2787308200AF25E1 /* Assets.xcassets */; };
		1119FA3E2787308200AF25E1 /* LaunchScreen.storyboard in Resources */ = {isa = PBXBuildFile; fileRef = 1119FA3C2787308200AF25E1 /* LaunchScreen.storyboard */; };
		1119FA492787586500AF25E1 /* Coordinator.swift in Sources */ = {isa = PBXBuildFile; fileRef = 1119FA482787586500AF25E1 /* Coordinator.swift */; };
		1119FA4B27875B9300AF25E1 /* MainBaseCoordinator.swift in Sources */ = {isa = PBXBuildFile; fileRef = 1119FA4A27875B9300AF25E1 /* MainBaseCoordinator.swift */; };
		1119FA4E2787697300AF25E1 /* Enums.swift in Sources */ = {isa = PBXBuildFile; fileRef = 1119FA4D2787697300AF25E1 /* Enums.swift */; };
		1119FA5027876A3900AF25E1 /* MainCoordinator.swift in Sources */ = {isa = PBXBuildFile; fileRef = 1119FA4F27876A3900AF25E1 /* MainCoordinator.swift */; };
		1119FA5227876B7200AF25E1 /* ViewConfiguration.swift in Sources */ = {isa = PBXBuildFile; fileRef = 1119FA5127876B7200AF25E1 /* ViewConfiguration.swift */; };
		1119FA6227877EDE00AF25E1 /* MenuBaseCoordinator.swift in Sources */ = {isa = PBXBuildFile; fileRef = 1119FA6127877EDE00AF25E1 /* MenuBaseCoordinator.swift */; };
		1119FA6427877F7A00AF25E1 /* MenuCoordinator.swift in Sources */ = {isa = PBXBuildFile; fileRef = 1119FA6327877F7A00AF25E1 /* MenuCoordinator.swift */; };
		1119FA6627877FC700AF25E1 /* MenuViewController.swift in Sources */ = {isa = PBXBuildFile; fileRef = 1119FA6527877FC700AF25E1 /* MenuViewController.swift */; };
		1119FA682787804D00AF25E1 /* MenuBaseCoordinated.swift in Sources */ = {isa = PBXBuildFile; fileRef = 1119FA672787804D00AF25E1 /* MenuBaseCoordinated.swift */; };
		1119FA6A2787974D00AF25E1 /* LogoView.swift in Sources */ = {isa = PBXBuildFile; fileRef = 1119FA692787974D00AF25E1 /* LogoView.swift */; };
		1119FA6C2787A7AA00AF25E1 /* OrderViewController.swift in Sources */ = {isa = PBXBuildFile; fileRef = 1119FA6B2787A7A900AF25E1 /* OrderViewController.swift */; };
		1119FA6E2787A7BA00AF25E1 /* CampaignViewController.swift in Sources */ = {isa = PBXBuildFile; fileRef = 1119FA6D2787A7BA00AF25E1 /* CampaignViewController.swift */; };
		1119FA702787A8BC00AF25E1 /* CampaignCoordinator.swift in Sources */ = {isa = PBXBuildFile; fileRef = 1119FA6F2787A8BC00AF25E1 /* CampaignCoordinator.swift */; };
		1119FA722787A8CD00AF25E1 /* CampaignBaseCoordinator.swift in Sources */ = {isa = PBXBuildFile; fileRef = 1119FA712787A8CD00AF25E1 /* CampaignBaseCoordinator.swift */; };
		1119FA742787A8E800AF25E1 /* CampaignBaseCoordinated.swift in Sources */ = {isa = PBXBuildFile; fileRef = 1119FA732787A8E800AF25E1 /* CampaignBaseCoordinated.swift */; };
		1119FA762787A8F900AF25E1 /* OrderCoordinator.swift in Sources */ = {isa = PBXBuildFile; fileRef = 1119FA752787A8F900AF25E1 /* OrderCoordinator.swift */; };
		1119FA782787A90B00AF25E1 /* OrderBaseCoordinated.swift in Sources */ = {isa = PBXBuildFile; fileRef = 1119FA772787A90B00AF25E1 /* OrderBaseCoordinated.swift */; };
		1119FA7A2787A91C00AF25E1 /* OrderBaseCoordinator.swift in Sources */ = {isa = PBXBuildFile; fileRef = 1119FA792787A91C00AF25E1 /* OrderBaseCoordinator.swift */; };
		111BCCF5278F848100F6E89E /* MyCartButton.swift in Sources */ = {isa = PBXBuildFile; fileRef = 111BCCF4278F848100F6E89E /* MyCartButton.swift */; };
		111BCCF8278FA2D400F6E89E /* CartViewController.swift in Sources */ = {isa = PBXBuildFile; fileRef = 111BCCF7278FA2D400F6E89E /* CartViewController.swift */; };
		112F25382795E0A700A50E11 /* DeliveryLocationView.swift in Sources */ = {isa = PBXBuildFile; fileRef = 112F25372795E0A700A50E11 /* DeliveryLocationView.swift */; };
		112F253B2795E49200A50E11 /* PaymentViewController.swift in Sources */ = {isa = PBXBuildFile; fileRef = 112F253A2795E49200A50E11 /* PaymentViewController.swift */; };
		112F25402796075500A50E11 /* PaymentMethodTableViewCell.swift in Sources */ = {isa = PBXBuildFile; fileRef = 112F253F2796075400A50E11 /* PaymentMethodTableViewCell.swift */; };
		11377A4B2788549E00ABBA2D /* OrderTableViewCell.swift in Sources */ = {isa = PBXBuildFile; fileRef = 11377A4A2788549E00ABBA2D /* OrderTableViewCell.swift */; };
		11377A4E2788577800ABBA2D /* MyLabel.swift in Sources */ = {isa = PBXBuildFile; fileRef = 11377A4D2788577800ABBA2D /* MyLabel.swift */; };
		113C0B4A279745C4004C2FAC /* Menu.swift in Sources */ = {isa = PBXBuildFile; fileRef = 113C0B49279745C4004C2FAC /* Menu.swift */; };
		113C0B4C27974614004C2FAC /* ItemMenu.swift in Sources */ = {isa = PBXBuildFile; fileRef = 113C0B4B27974614004C2FAC /* ItemMenu.swift */; };
		11449D3327AB0A4100E22997 /* CoreDataHelper.swift in Sources */ = {isa = PBXBuildFile; fileRef = 11449D3227AB0A4100E22997 /* CoreDataHelper.swift */; };
		11498DD22791E69900241EC9 /* DeliveryLocationTableViewCell.swift in Sources */ = {isa = PBXBuildFile; fileRef = 11498DD12791E69800241EC9 /* DeliveryLocationTableViewCell.swift */; };
		11498DD52792014100241EC9 /* DeliveryLocationViewController.swift in Sources */ = {isa = PBXBuildFile; fileRef = 11498DD42792014100241EC9 /* DeliveryLocationViewController.swift */; };
		11627C842790CED900FC4AA0 /* TotalPriceTableViewCell.swift in Sources */ = {isa = PBXBuildFile; fileRef = 11627C832790CED900FC4AA0 /* TotalPriceTableViewCell.swift */; };
		11627C862790CF0100FC4AA0 /* CartItemTableViewCell.swift in Sources */ = {isa = PBXBuildFile; fileRef = 11627C852790CF0100FC4AA0 /* CartItemTableViewCell.swift */; };
		116972CB27BD64B000F7A6B2 /* Extension+Date.swift in Sources */ = {isa = PBXBuildFile; fileRef = 116972CA27BD64AF00F7A6B2 /* Extension+Date.swift */; };
		117EC0A627A2DBE60003D3EC /* MenuViewModel.swift in Sources */ = {isa = PBXBuildFile; fileRef = 117EC0A527A2DBE60003D3EC /* MenuViewModel.swift */; };
		117EC0A827A2DBF50003D3EC /* ItemMenuViewModel.swift in Sources */ = {isa = PBXBuildFile; fileRef = 117EC0A727A2DBF50003D3EC /* ItemMenuViewModel.swift */; };
		117EC0AA27A2DC0B0003D3EC /* OrderViewModel.swift in Sources */ = {isa = PBXBuildFile; fileRef = 117EC0A927A2DC0B0003D3EC /* OrderViewModel.swift */; };
		117EC0AC27A2DC1D0003D3EC /* ItemOrderViewModel.swift in Sources */ = {isa = PBXBuildFile; fileRef = 117EC0AB27A2DC1D0003D3EC /* ItemOrderViewModel.swift */; };
		117EC0AF27A2E4160003D3EC /* DataModel.xcdatamodeld in Sources */ = {isa = PBXBuildFile; fileRef = 117EC0AD27A2E4150003D3EC /* DataModel.xcdatamodeld */; };
		117EC0B227A34CCB0003D3EC /* CoreDataStack.swift in Sources */ = {isa = PBXBuildFile; fileRef = 117EC0B127A34CCA0003D3EC /* CoreDataStack.swift */; };
		118560DC278DB9AE00B7D149 /* DishDetailsViewController.swift in Sources */ = {isa = PBXBuildFile; fileRef = 118560DB278DB9AE00B7D149 /* DishDetailsViewController.swift */; };
		118560DF278DC2D900B7D149 /* DishImageView.swift in Sources */ = {isa = PBXBuildFile; fileRef = 118560DE278DC2D900B7D149 /* DishImageView.swift */; };
		118560E1278DCA4E00B7D149 /* DishInfoView.swift in Sources */ = {isa = PBXBuildFile; fileRef = 118560E0278DCA4E00B7D149 /* DishInfoView.swift */; };
		118560E3278DF30900B7D149 /* DishCommentView.swift in Sources */ = {isa = PBXBuildFile; fileRef = 118560E2278DF30800B7D149 /* DishCommentView.swift */; };
		118560E5278E0A2700B7D149 /* DishQuantityView.swift in Sources */ = {isa = PBXBuildFile; fileRef = 118560E4278E0A2500B7D149 /* DishQuantityView.swift */; };
		11A0438D27887C5400C0420E /* HeaderView.swift in Sources */ = {isa = PBXBuildFile; fileRef = 11A0438C27887C5400C0420E /* HeaderView.swift */; };
		11A043902788A0A600C0420E /* MenuTableViewCell.swift in Sources */ = {isa = PBXBuildFile; fileRef = 11A0438F2788A0A600C0420E /* MenuTableViewCell.swift */; };
		11C5FE5C27A71F6B00F28159 /* menu.json in Resources */ = {isa = PBXBuildFile; fileRef = 11C5FE5B27A71F6A00F28159 /* menu.json */; };
/* End PBXBuildFile section */

/* Begin PBXFileReference section */
		110BE64027A4383500691BC0 /* API.swift */ = {isa = PBXFileReference; lastKnownFileType = sourcecode.swift; path = API.swift; sourceTree = "<group>"; };
		1119FA2E2787307E00AF25E1 /* pizzadelivery-ios.app */ = {isa = PBXFileReference; explicitFileType = wrapper.application; includeInIndex = 0; path = "pizzadelivery-ios.app"; sourceTree = BUILT_PRODUCTS_DIR; };
		1119FA312787307E00AF25E1 /* AppDelegate.swift */ = {isa = PBXFileReference; lastKnownFileType = sourcecode.swift; path = AppDelegate.swift; sourceTree = "<group>"; };
		1119FA332787307E00AF25E1 /* SceneDelegate.swift */ = {isa = PBXFileReference; lastKnownFileType = sourcecode.swift; path = SceneDelegate.swift; sourceTree = "<group>"; };
		1119FA3A2787308200AF25E1 /* Assets.xcassets */ = {isa = PBXFileReference; lastKnownFileType = folder.assetcatalog; path = Assets.xcassets; sourceTree = "<group>"; };
		1119FA3D2787308200AF25E1 /* Base */ = {isa = PBXFileReference; lastKnownFileType = file.storyboard; name = Base; path = Base.lproj/LaunchScreen.storyboard; sourceTree = "<group>"; };
		1119FA3F2787308200AF25E1 /* Info.plist */ = {isa = PBXFileReference; lastKnownFileType = text.plist.xml; path = Info.plist; sourceTree = "<group>"; };
		1119FA482787586500AF25E1 /* Coordinator.swift */ = {isa = PBXFileReference; lastKnownFileType = sourcecode.swift; path = Coordinator.swift; sourceTree = "<group>"; };
		1119FA4A27875B9300AF25E1 /* MainBaseCoordinator.swift */ = {isa = PBXFileReference; lastKnownFileType = sourcecode.swift; path = MainBaseCoordinator.swift; sourceTree = "<group>"; };
		1119FA4D2787697300AF25E1 /* Enums.swift */ = {isa = PBXFileReference; lastKnownFileType = sourcecode.swift; path = Enums.swift; sourceTree = "<group>"; };
		1119FA4F27876A3900AF25E1 /* MainCoordinator.swift */ = {isa = PBXFileReference; lastKnownFileType = sourcecode.swift; path = MainCoordinator.swift; sourceTree = "<group>"; };
		1119FA5127876B7200AF25E1 /* ViewConfiguration.swift */ = {isa = PBXFileReference; lastKnownFileType = sourcecode.swift; path = ViewConfiguration.swift; sourceTree = "<group>"; };
		1119FA6127877EDE00AF25E1 /* MenuBaseCoordinator.swift */ = {isa = PBXFileReference; lastKnownFileType = sourcecode.swift; path = MenuBaseCoordinator.swift; sourceTree = "<group>"; };
		1119FA6327877F7A00AF25E1 /* MenuCoordinator.swift */ = {isa = PBXFileReference; lastKnownFileType = sourcecode.swift; path = MenuCoordinator.swift; sourceTree = "<group>"; };
		1119FA6527877FC700AF25E1 /* MenuViewController.swift */ = {isa = PBXFileReference; lastKnownFileType = sourcecode.swift; path = MenuViewController.swift; sourceTree = "<group>"; };
		1119FA672787804D00AF25E1 /* MenuBaseCoordinated.swift */ = {isa = PBXFileReference; lastKnownFileType = sourcecode.swift; path = MenuBaseCoordinated.swift; sourceTree = "<group>"; };
		1119FA692787974D00AF25E1 /* LogoView.swift */ = {isa = PBXFileReference; lastKnownFileType = sourcecode.swift; path = LogoView.swift; sourceTree = "<group>"; };
		1119FA6B2787A7A900AF25E1 /* OrderViewController.swift */ = {isa = PBXFileReference; lastKnownFileType = sourcecode.swift; path = OrderViewController.swift; sourceTree = "<group>"; };
		1119FA6D2787A7BA00AF25E1 /* CampaignViewController.swift */ = {isa = PBXFileReference; lastKnownFileType = sourcecode.swift; path = CampaignViewController.swift; sourceTree = "<group>"; };
		1119FA6F2787A8BC00AF25E1 /* CampaignCoordinator.swift */ = {isa = PBXFileReference; lastKnownFileType = sourcecode.swift; path = CampaignCoordinator.swift; sourceTree = "<group>"; };
		1119FA712787A8CD00AF25E1 /* CampaignBaseCoordinator.swift */ = {isa = PBXFileReference; lastKnownFileType = sourcecode.swift; path = CampaignBaseCoordinator.swift; sourceTree = "<group>"; };
		1119FA732787A8E800AF25E1 /* CampaignBaseCoordinated.swift */ = {isa = PBXFileReference; lastKnownFileType = sourcecode.swift; path = CampaignBaseCoordinated.swift; sourceTree = "<group>"; };
		1119FA752787A8F900AF25E1 /* OrderCoordinator.swift */ = {isa = PBXFileReference; lastKnownFileType = sourcecode.swift; path = OrderCoordinator.swift; sourceTree = "<group>"; };
		1119FA772787A90B00AF25E1 /* OrderBaseCoordinated.swift */ = {isa = PBXFileReference; lastKnownFileType = sourcecode.swift; path = OrderBaseCoordinated.swift; sourceTree = "<group>"; };
		1119FA792787A91C00AF25E1 /* OrderBaseCoordinator.swift */ = {isa = PBXFileReference; lastKnownFileType = sourcecode.swift; path = OrderBaseCoordinator.swift; sourceTree = "<group>"; };
		111BCCF4278F848100F6E89E /* MyCartButton.swift */ = {isa = PBXFileReference; lastKnownFileType = sourcecode.swift; path = MyCartButton.swift; sourceTree = "<group>"; };
		111BCCF7278FA2D400F6E89E /* CartViewController.swift */ = {isa = PBXFileReference; lastKnownFileType = sourcecode.swift; path = CartViewController.swift; sourceTree = "<group>"; };
		112F25372795E0A700A50E11 /* DeliveryLocationView.swift */ = {isa = PBXFileReference; lastKnownFileType = sourcecode.swift; path = DeliveryLocationView.swift; sourceTree = "<group>"; };
		112F253A2795E49200A50E11 /* PaymentViewController.swift */ = {isa = PBXFileReference; lastKnownFileType = sourcecode.swift; path = PaymentViewController.swift; sourceTree = "<group>"; };
		112F253F2796075400A50E11 /* PaymentMethodTableViewCell.swift */ = {isa = PBXFileReference; lastKnownFileType = sourcecode.swift; path = PaymentMethodTableViewCell.swift; sourceTree = "<group>"; };
		11377A4A2788549E00ABBA2D /* OrderTableViewCell.swift */ = {isa = PBXFileReference; lastKnownFileType = sourcecode.swift; path = OrderTableViewCell.swift; sourceTree = "<group>"; };
		11377A4D2788577800ABBA2D /* MyLabel.swift */ = {isa = PBXFileReference; lastKnownFileType = sourcecode.swift; path = MyLabel.swift; sourceTree = "<group>"; };
		113C0B49279745C4004C2FAC /* Menu.swift */ = {isa = PBXFileReference; lastKnownFileType = sourcecode.swift; path = Menu.swift; sourceTree = "<group>"; };
		113C0B4B27974614004C2FAC /* ItemMenu.swift */ = {isa = PBXFileReference; lastKnownFileType = sourcecode.swift; path = ItemMenu.swift; sourceTree = "<group>"; };
		11449D3227AB0A4100E22997 /* CoreDataHelper.swift */ = {isa = PBXFileReference; lastKnownFileType = sourcecode.swift; path = CoreDataHelper.swift; sourceTree = "<group>"; };
		11498DD12791E69800241EC9 /* DeliveryLocationTableViewCell.swift */ = {isa = PBXFileReference; lastKnownFileType = sourcecode.swift; path = DeliveryLocationTableViewCell.swift; sourceTree = "<group>"; };
		11498DD42792014100241EC9 /* DeliveryLocationViewController.swift */ = {isa = PBXFileReference; lastKnownFileType = sourcecode.swift; path = DeliveryLocationViewController.swift; sourceTree = "<group>"; };
		11627C832790CED900FC4AA0 /* TotalPriceTableViewCell.swift */ = {isa = PBXFileReference; lastKnownFileType = sourcecode.swift; path = TotalPriceTableViewCell.swift; sourceTree = "<group>"; };
		11627C852790CF0100FC4AA0 /* CartItemTableViewCell.swift */ = {isa = PBXFileReference; lastKnownFileType = sourcecode.swift; path = CartItemTableViewCell.swift; sourceTree = "<group>"; };
		116972CA27BD64AF00F7A6B2 /* Extension+Date.swift */ = {isa = PBXFileReference; lastKnownFileType = sourcecode.swift; path = "Extension+Date.swift"; sourceTree = "<group>"; };
		117EC0A527A2DBE60003D3EC /* MenuViewModel.swift */ = {isa = PBXFileReference; lastKnownFileType = sourcecode.swift; path = MenuViewModel.swift; sourceTree = "<group>"; };
		117EC0A727A2DBF50003D3EC /* ItemMenuViewModel.swift */ = {isa = PBXFileReference; lastKnownFileType = sourcecode.swift; path = ItemMenuViewModel.swift; sourceTree = "<group>"; };
		117EC0A927A2DC0B0003D3EC /* OrderViewModel.swift */ = {isa = PBXFileReference; lastKnownFileType = sourcecode.swift; path = OrderViewModel.swift; sourceTree = "<group>"; };
		117EC0AB27A2DC1D0003D3EC /* ItemOrderViewModel.swift */ = {isa = PBXFileReference; lastKnownFileType = sourcecode.swift; path = ItemOrderViewModel.swift; sourceTree = "<group>"; };
		117EC0AE27A2E4160003D3EC /* DataModel.xcdatamodel */ = {isa = PBXFileReference; lastKnownFileType = wrapper.xcdatamodel; path = DataModel.xcdatamodel; sourceTree = "<group>"; };
		117EC0B127A34CCA0003D3EC /* CoreDataStack.swift */ = {isa = PBXFileReference; lastKnownFileType = sourcecode.swift; path = CoreDataStack.swift; sourceTree = "<group>"; };
		118560DB278DB9AE00B7D149 /* DishDetailsViewController.swift */ = {isa = PBXFileReference; lastKnownFileType = sourcecode.swift; path = DishDetailsViewController.swift; sourceTree = "<group>"; };
		118560DE278DC2D900B7D149 /* DishImageView.swift */ = {isa = PBXFileReference; lastKnownFileType = sourcecode.swift; path = DishImageView.swift; sourceTree = "<group>"; };
		118560E0278DCA4E00B7D149 /* DishInfoView.swift */ = {isa = PBXFileReference; lastKnownFileType = sourcecode.swift; path = DishInfoView.swift; sourceTree = "<group>"; };
		118560E2278DF30800B7D149 /* DishCommentView.swift */ = {isa = PBXFileReference; lastKnownFileType = sourcecode.swift; path = DishCommentView.swift; sourceTree = "<group>"; };
		118560E4278E0A2500B7D149 /* DishQuantityView.swift */ = {isa = PBXFileReference; lastKnownFileType = sourcecode.swift; path = DishQuantityView.swift; sourceTree = "<group>"; };
		11A0438C27887C5400C0420E /* HeaderView.swift */ = {isa = PBXFileReference; lastKnownFileType = sourcecode.swift; path = HeaderView.swift; sourceTree = "<group>"; };
		11A0438F2788A0A600C0420E /* MenuTableViewCell.swift */ = {isa = PBXFileReference; lastKnownFileType = sourcecode.swift; path = MenuTableViewCell.swift; sourceTree = "<group>"; };
		11C5FE5B27A71F6A00F28159 /* menu.json */ = {isa = PBXFileReference; fileEncoding = 4; lastKnownFileType = text.json; path = menu.json; sourceTree = "<group>"; };
/* End PBXFileReference section */

/* Begin PBXFrameworksBuildPhase section */
		1119FA2B2787307E00AF25E1 /* Frameworks */ = {
			isa = PBXFrameworksBuildPhase;
			buildActionMask = 2147483647;
			files = (
			);
			runOnlyForDeploymentPostprocessing = 0;
		};
/* End PBXFrameworksBuildPhase section */

/* Begin PBXGroup section */
		110BE63F27A4380C00691BC0 /* Services */ = {
			isa = PBXGroup;
			children = (
				110BE64027A4383500691BC0 /* API.swift */,
			);
			path = Services;
			sourceTree = "<group>";
		};
		1119FA252787307E00AF25E1 = {
			isa = PBXGroup;
			children = (
				1119FA302787307E00AF25E1 /* pizzadelivery-ios */,
				1119FA2F2787307E00AF25E1 /* Products */,
			);
			sourceTree = "<group>";
		};
		1119FA2F2787307E00AF25E1 /* Products */ = {
			isa = PBXGroup;
			children = (
				1119FA2E2787307E00AF25E1 /* pizzadelivery-ios.app */,
			);
			name = Products;
			sourceTree = "<group>";
		};
		1119FA302787307E00AF25E1 /* pizzadelivery-ios */ = {
			isa = PBXGroup;
			children = (
				11C5FE5827A7120900F28159 /* json */,
				110BE63F27A4380C00691BC0 /* Services */,
				1119FA5C278776E200AF25E1 /* View Model */,
				117EC0B027A34CB10003D3EC /* Persistence */,
				1119FA4C2787694F00AF25E1 /* Helper */,
				1119FA462787582200AF25E1 /* Protocols */,
				1119FA5B278776CB00AF25E1 /* Model */,
				1119FA582787766500AF25E1 /* Views */,
				1119FA542787762200AF25E1 /* Controller */,
				1119FA472787583500AF25E1 /* Coordinators */,
				1119FA532787719A00AF25E1 /* Shared */,
				1119FA3F2787308200AF25E1 /* Info.plist */,
			);
			path = "pizzadelivery-ios";
			sourceTree = "<group>";
		};
		1119FA462787582200AF25E1 /* Protocols */ = {
			isa = PBXGroup;
			children = (
				1119FA482787586500AF25E1 /* Coordinator.swift */,
				1119FA5127876B7200AF25E1 /* ViewConfiguration.swift */,
			);
			path = Protocols;
			sourceTree = "<group>";
		};
		1119FA472787583500AF25E1 /* Coordinators */ = {
			isa = PBXGroup;
			children = (
				1119FA6027877D3800AF25E1 /* Main */,
				1119FA5D27877ABB00AF25E1 /* Menu */,
				1119FA5E27877D0E00AF25E1 /* Order */,
				1119FA5F27877D2600AF25E1 /* Campaign */,
			);
			path = Coordinators;
			sourceTree = "<group>";
		};
		1119FA4C2787694F00AF25E1 /* Helper */ = {
			isa = PBXGroup;
			children = (
				1119FA4D2787697300AF25E1 /* Enums.swift */,
				116972CA27BD64AF00F7A6B2 /* Extension+Date.swift */,
			);
			path = Helper;
			sourceTree = "<group>";
		};
		1119FA532787719A00AF25E1 /* Shared */ = {
			isa = PBXGroup;
			children = (
				1119FA3A2787308200AF25E1 /* Assets.xcassets */,
				1119FA312787307E00AF25E1 /* AppDelegate.swift */,
				1119FA332787307E00AF25E1 /* SceneDelegate.swift */,
				1119FA3C2787308200AF25E1 /* LaunchScreen.storyboard */,
			);
			path = Shared;
			sourceTree = "<group>";
		};
		1119FA542787762200AF25E1 /* Controller */ = {
			isa = PBXGroup;
			children = (
				112F25392795E47F00A50E11 /* Payment */,
				111BCCF6278FA2C300F6E89E /* Cart */,
				11498DD32792010800241EC9 /* DeliveryLocation */,
				1119FA552787763000AF25E1 /* Menu */,
				118560DA278DB98B00B7D149 /* DishDetails */,
				1119FA562787763800AF25E1 /* Order */,
				1119FA572787763F00AF25E1 /* Campaign */,
			);
			path = Controller;
			sourceTree = "<group>";
		};
		1119FA552787763000AF25E1 /* Menu */ = {
			isa = PBXGroup;
			children = (
				1119FA6527877FC700AF25E1 /* MenuViewController.swift */,
			);
			path = Menu;
			sourceTree = "<group>";
		};
		1119FA562787763800AF25E1 /* Order */ = {
			isa = PBXGroup;
			children = (
				1119FA6B2787A7A900AF25E1 /* OrderViewController.swift */,
			);
			path = Order;
			sourceTree = "<group>";
		};
		1119FA572787763F00AF25E1 /* Campaign */ = {
			isa = PBXGroup;
			children = (
				1119FA6D2787A7BA00AF25E1 /* CampaignViewController.swift */,
			);
			path = Campaign;
			sourceTree = "<group>";
		};
		1119FA582787766500AF25E1 /* Views */ = {
			isa = PBXGroup;
			children = (
				1119FA5A2787768D00AF25E1 /* Custom Cells */,
				1119FA592787767000AF25E1 /* Custom Views */,
			);
			path = Views;
			sourceTree = "<group>";
		};
		1119FA592787767000AF25E1 /* Custom Views */ = {
			isa = PBXGroup;
			children = (
				112F25362795E08000A50E11 /* DeliveryLocation */,
				118560DD278DC27500B7D149 /* DishDetails */,
				1119FA692787974D00AF25E1 /* LogoView.swift */,
				11377A4D2788577800ABBA2D /* MyLabel.swift */,
				111BCCF4278F848100F6E89E /* MyCartButton.swift */,
				11A0438C27887C5400C0420E /* HeaderView.swift */,
			);
			path = "Custom Views";
			sourceTree = "<group>";
		};
		1119FA5A2787768D00AF25E1 /* Custom Cells */ = {
			isa = PBXGroup;
			children = (
				112F253C279606DE00A50E11 /* PaymentTableViewCell */,
				11627C812790CEA600FC4AA0 /* CartTableViewCell */,
				11A0438E2788A08B00C0420E /* MenuTableViewCell */,
				11377A4C278854F800ABBA2D /* OrderTableViewCell */,
			);
			path = "Custom Cells";
			sourceTree = "<group>";
		};
		1119FA5B278776CB00AF25E1 /* Model */ = {
			isa = PBXGroup;
			children = (
				113C0B49279745C4004C2FAC /* Menu.swift */,
				113C0B4B27974614004C2FAC /* ItemMenu.swift */,
				117EC0AD27A2E4150003D3EC /* DataModel.xcdatamodeld */,
			);
			path = Model;
			sourceTree = "<group>";
		};
		1119FA5C278776E200AF25E1 /* View Model */ = {
			isa = PBXGroup;
			children = (
				117EC0A727A2DBF50003D3EC /* ItemMenuViewModel.swift */,
				117EC0A527A2DBE60003D3EC /* MenuViewModel.swift */,
				117EC0A927A2DC0B0003D3EC /* OrderViewModel.swift */,
				117EC0AB27A2DC1D0003D3EC /* ItemOrderViewModel.swift */,
			);
			path = "View Model";
			sourceTree = "<group>";
		};
		1119FA5D27877ABB00AF25E1 /* Menu */ = {
			isa = PBXGroup;
			children = (
				1119FA6327877F7A00AF25E1 /* MenuCoordinator.swift */,
				1119FA6127877EDE00AF25E1 /* MenuBaseCoordinator.swift */,
				1119FA672787804D00AF25E1 /* MenuBaseCoordinated.swift */,
			);
			path = Menu;
			sourceTree = "<group>";
		};
		1119FA5E27877D0E00AF25E1 /* Order */ = {
			isa = PBXGroup;
			children = (
				1119FA752787A8F900AF25E1 /* OrderCoordinator.swift */,
				1119FA792787A91C00AF25E1 /* OrderBaseCoordinator.swift */,
				1119FA772787A90B00AF25E1 /* OrderBaseCoordinated.swift */,
			);
			path = Order;
			sourceTree = "<group>";
		};
		1119FA5F27877D2600AF25E1 /* Campaign */ = {
			isa = PBXGroup;
			children = (
				1119FA6F2787A8BC00AF25E1 /* CampaignCoordinator.swift */,
				1119FA712787A8CD00AF25E1 /* CampaignBaseCoordinator.swift */,
				1119FA732787A8E800AF25E1 /* CampaignBaseCoordinated.swift */,
			);
			path = Campaign;
			sourceTree = "<group>";
		};
		1119FA6027877D3800AF25E1 /* Main */ = {
			isa = PBXGroup;
			children = (
				1119FA4F27876A3900AF25E1 /* MainCoordinator.swift */,
				1119FA4A27875B9300AF25E1 /* MainBaseCoordinator.swift */,
			);
			path = Main;
			sourceTree = "<group>";
		};
		111BCCF6278FA2C300F6E89E /* Cart */ = {
			isa = PBXGroup;
			children = (
				111BCCF7278FA2D400F6E89E /* CartViewController.swift */,
			);
			path = Cart;
			sourceTree = "<group>";
		};
		112F25362795E08000A50E11 /* DeliveryLocation */ = {
			isa = PBXGroup;
			children = (
				112F25372795E0A700A50E11 /* DeliveryLocationView.swift */,
			);
			path = DeliveryLocation;
			sourceTree = "<group>";
		};
		112F25392795E47F00A50E11 /* Payment */ = {
			isa = PBXGroup;
			children = (
				112F253A2795E49200A50E11 /* PaymentViewController.swift */,
			);
			path = Payment;
			sourceTree = "<group>";
		};
		112F253C279606DE00A50E11 /* PaymentTableViewCell */ = {
			isa = PBXGroup;
			children = (
				112F253F2796075400A50E11 /* PaymentMethodTableViewCell.swift */,
			);
			path = PaymentTableViewCell;
			sourceTree = "<group>";
		};
		11377A4C278854F800ABBA2D /* OrderTableViewCell */ = {
			isa = PBXGroup;
			children = (
				11377A4A2788549E00ABBA2D /* OrderTableViewCell.swift */,
			);
			path = OrderTableViewCell;
			sourceTree = "<group>";
		};
		11498DD32792010800241EC9 /* DeliveryLocation */ = {
			isa = PBXGroup;
			children = (
				11498DD42792014100241EC9 /* DeliveryLocationViewController.swift */,
			);
			path = DeliveryLocation;
			sourceTree = "<group>";
		};
		11627C812790CEA600FC4AA0 /* CartTableViewCell */ = {
			isa = PBXGroup;
			children = (
				11627C832790CED900FC4AA0 /* TotalPriceTableViewCell.swift */,
				11627C852790CF0100FC4AA0 /* CartItemTableViewCell.swift */,
				11498DD12791E69800241EC9 /* DeliveryLocationTableViewCell.swift */,
			);
			path = CartTableViewCell;
			sourceTree = "<group>";
		};
		117EC0B027A34CB10003D3EC /* Persistence */ = {
			isa = PBXGroup;
			children = (
				117EC0B127A34CCA0003D3EC /* CoreDataStack.swift */,
				11449D3227AB0A4100E22997 /* CoreDataHelper.swift */,
			);
			path = Persistence;
			sourceTree = "<group>";
		};
		118560DA278DB98B00B7D149 /* DishDetails */ = {
			isa = PBXGroup;
			children = (
				118560DB278DB9AE00B7D149 /* DishDetailsViewController.swift */,
			);
			path = DishDetails;
			sourceTree = "<group>";
		};
		118560DD278DC27500B7D149 /* DishDetails */ = {
			isa = PBXGroup;
			children = (
				118560DE278DC2D900B7D149 /* DishImageView.swift */,
				118560E0278DCA4E00B7D149 /* DishInfoView.swift */,
				118560E2278DF30800B7D149 /* DishCommentView.swift */,
				118560E4278E0A2500B7D149 /* DishQuantityView.swift */,
			);
			path = DishDetails;
			sourceTree = "<group>";
		};
		11A0438E2788A08B00C0420E /* MenuTableViewCell */ = {
			isa = PBXGroup;
			children = (
				11A0438F2788A0A600C0420E /* MenuTableViewCell.swift */,
			);
			path = MenuTableViewCell;
			sourceTree = "<group>";
		};
		11C5FE5827A7120900F28159 /* json */ = {
			isa = PBXGroup;
			children = (
				11C5FE5B27A71F6A00F28159 /* menu.json */,
			);
			path = json;
			sourceTree = "<group>";
		};
/* End PBXGroup section */

/* Begin PBXNativeTarget section */
		1119FA2D2787307E00AF25E1 /* pizzadelivery-ios */ = {
			isa = PBXNativeTarget;
			buildConfigurationList = 1119FA422787308200AF25E1 /* Build configuration list for PBXNativeTarget "pizzadelivery-ios" */;
			buildPhases = (
				1119FA452787392100AF25E1 /* Swiftlint */,
				1119FA2A2787307E00AF25E1 /* Sources */,
				1119FA2B2787307E00AF25E1 /* Frameworks */,
				1119FA2C2787307E00AF25E1 /* Resources */,
			);
			buildRules = (
			);
			dependencies = (
			);
			name = "pizzadelivery-ios";
			productName = "pizzadelivery-ios";
			productReference = 1119FA2E2787307E00AF25E1 /* pizzadelivery-ios.app */;
			productType = "com.apple.product-type.application";
		};
/* End PBXNativeTarget section */

/* Begin PBXProject section */
		1119FA262787307E00AF25E1 /* Project object */ = {
			isa = PBXProject;
			attributes = {
				BuildIndependentTargetsInParallel = 1;
				LastSwiftUpdateCheck = 1320;
				LastUpgradeCheck = 1320;
				TargetAttributes = {
					1119FA2D2787307E00AF25E1 = {
						CreatedOnToolsVersion = 13.2;
					};
				};
			};
			buildConfigurationList = 1119FA292787307E00AF25E1 /* Build configuration list for PBXProject "pizzadelivery-ios" */;
			compatibilityVersion = "Xcode 13.0";
			developmentRegion = en;
			hasScannedForEncodings = 0;
			knownRegions = (
				en,
				Base,
			);
			mainGroup = 1119FA252787307E00AF25E1;
			productRefGroup = 1119FA2F2787307E00AF25E1 /* Products */;
			projectDirPath = "";
			projectRoot = "";
			targets = (
				1119FA2D2787307E00AF25E1 /* pizzadelivery-ios */,
			);
		};
/* End PBXProject section */

/* Begin PBXResourcesBuildPhase section */
		1119FA2C2787307E00AF25E1 /* Resources */ = {
			isa = PBXResourcesBuildPhase;
			buildActionMask = 2147483647;
			files = (
				1119FA3E2787308200AF25E1 /* LaunchScreen.storyboard in Resources */,
				1119FA3B2787308200AF25E1 /* Assets.xcassets in Resources */,
				11C5FE5C27A71F6B00F28159 /* menu.json in Resources */,
			);
			runOnlyForDeploymentPostprocessing = 0;
		};
/* End PBXResourcesBuildPhase section */

/* Begin PBXShellScriptBuildPhase section */
		1119FA452787392100AF25E1 /* Swiftlint */ = {
			isa = PBXShellScriptBuildPhase;
			buildActionMask = 2147483647;
			files = (
			);
			inputFileListPaths = (
			);
			inputPaths = (
			);
			name = Swiftlint;
			outputFileListPaths = (
			);
			outputPaths = (
			);
			runOnlyForDeploymentPostprocessing = 0;
			shellPath = /bin/sh;
			shellScript = "if which swiftlint >/dev/null; then\nswiftlint\nelse\necho \"warning: SwiftLint not installed, 'brew install swiftlint' or download from https://github.com/realm/SwiftLint\"\nfi\n";
		};
/* End PBXShellScriptBuildPhase section */

/* Begin PBXSourcesBuildPhase section */
		1119FA2A2787307E00AF25E1 /* Sources */ = {
			isa = PBXSourcesBuildPhase;
			buildActionMask = 2147483647;
			files = (
				1119FA7A2787A91C00AF25E1 /* OrderBaseCoordinator.swift in Sources */,
				1119FA492787586500AF25E1 /* Coordinator.swift in Sources */,
				118560E1278DCA4E00B7D149 /* DishInfoView.swift in Sources */,
				110BE64127A4383500691BC0 /* API.swift in Sources */,
				118560DC278DB9AE00B7D149 /* DishDetailsViewController.swift in Sources */,
				111BCCF8278FA2D400F6E89E /* CartViewController.swift in Sources */,
				11A043902788A0A600C0420E /* MenuTableViewCell.swift in Sources */,
				1119FA702787A8BC00AF25E1 /* CampaignCoordinator.swift in Sources */,
				11377A4B2788549E00ABBA2D /* OrderTableViewCell.swift in Sources */,
				117EC0B227A34CCB0003D3EC /* CoreDataStack.swift in Sources */,
				11498DD22791E69900241EC9 /* DeliveryLocationTableViewCell.swift in Sources */,
				113C0B4A279745C4004C2FAC /* Menu.swift in Sources */,
				112F253B2795E49200A50E11 /* PaymentViewController.swift in Sources */,
				117EC0AA27A2DC0B0003D3EC /* OrderViewModel.swift in Sources */,
				1119FA6A2787974D00AF25E1 /* LogoView.swift in Sources */,
				1119FA742787A8E800AF25E1 /* CampaignBaseCoordinated.swift in Sources */,
				112F25402796075500A50E11 /* PaymentMethodTableViewCell.swift in Sources */,
				1119FA6C2787A7AA00AF25E1 /* OrderViewController.swift in Sources */,
				11449D3327AB0A4100E22997 /* CoreDataHelper.swift in Sources */,
				117EC0AF27A2E4160003D3EC /* DataModel.xcdatamodeld in Sources */,
				118560E3278DF30900B7D149 /* DishCommentView.swift in Sources */,
				1119FA5027876A3900AF25E1 /* MainCoordinator.swift in Sources */,
				1119FA6227877EDE00AF25E1 /* MenuBaseCoordinator.swift in Sources */,
				1119FA782787A90B00AF25E1 /* OrderBaseCoordinated.swift in Sources */,
				117EC0A827A2DBF50003D3EC /* ItemMenuViewModel.swift in Sources */,
				117EC0AC27A2DC1D0003D3EC /* ItemOrderViewModel.swift in Sources */,
				11377A4E2788577800ABBA2D /* MyLabel.swift in Sources */,
				113C0B4C27974614004C2FAC /* ItemMenu.swift in Sources */,
				1119FA6627877FC700AF25E1 /* MenuViewController.swift in Sources */,
				1119FA722787A8CD00AF25E1 /* CampaignBaseCoordinator.swift in Sources */,
				117EC0A627A2DBE60003D3EC /* MenuViewModel.swift in Sources */,
				11627C842790CED900FC4AA0 /* TotalPriceTableViewCell.swift in Sources */,
				1119FA322787307E00AF25E1 /* AppDelegate.swift in Sources */,
				1119FA342787307E00AF25E1 /* SceneDelegate.swift in Sources */,
				112F25382795E0A700A50E11 /* DeliveryLocationView.swift in Sources */,
				1119FA5227876B7200AF25E1 /* ViewConfiguration.swift in Sources */,
				11498DD52792014100241EC9 /* DeliveryLocationViewController.swift in Sources */,
				116972CB27BD64B000F7A6B2 /* Extension+Date.swift in Sources */,
				118560DF278DC2D900B7D149 /* DishImageView.swift in Sources */,
				11627C862790CF0100FC4AA0 /* CartItemTableViewCell.swift in Sources */,
				1119FA682787804D00AF25E1 /* MenuBaseCoordinated.swift in Sources */,
				11A0438D27887C5400C0420E /* HeaderView.swift in Sources */,
				111BCCF5278F848100F6E89E /* MyCartButton.swift in Sources */,
				1119FA6E2787A7BA00AF25E1 /* CampaignViewController.swift in Sources */,
				1119FA6427877F7A00AF25E1 /* MenuCoordinator.swift in Sources */,
				1119FA762787A8F900AF25E1 /* OrderCoordinator.swift in Sources */,
				118560E5278E0A2700B7D149 /* DishQuantityView.swift in Sources */,
				1119FA4E2787697300AF25E1 /* Enums.swift in Sources */,
				1119FA4B27875B9300AF25E1 /* MainBaseCoordinator.swift in Sources */,
			);
			runOnlyForDeploymentPostprocessing = 0;
		};
/* End PBXSourcesBuildPhase section */

/* Begin PBXVariantGroup section */
		1119FA3C2787308200AF25E1 /* LaunchScreen.storyboard */ = {
			isa = PBXVariantGroup;
			children = (
				1119FA3D2787308200AF25E1 /* Base */,
			);
			name = LaunchScreen.storyboard;
			sourceTree = "<group>";
		};
/* End PBXVariantGroup section */

/* Begin XCBuildConfiguration section */
		1119FA402787308200AF25E1 /* Debug */ = {
			isa = XCBuildConfiguration;
			buildSettings = {
				ALWAYS_SEARCH_USER_PATHS = NO;
				CLANG_ANALYZER_NONNULL = YES;
				CLANG_ANALYZER_NUMBER_OBJECT_CONVERSION = YES_AGGRESSIVE;
				CLANG_CXX_LANGUAGE_STANDARD = "gnu++17";
				CLANG_CXX_LIBRARY = "libc++";
				CLANG_ENABLE_MODULES = YES;
				CLANG_ENABLE_OBJC_ARC = YES;
				CLANG_ENABLE_OBJC_WEAK = YES;
				CLANG_WARN_BLOCK_CAPTURE_AUTORELEASING = YES;
				CLANG_WARN_BOOL_CONVERSION = YES;
				CLANG_WARN_COMMA = YES;
				CLANG_WARN_CONSTANT_CONVERSION = YES;
				CLANG_WARN_DEPRECATED_OBJC_IMPLEMENTATIONS = YES;
				CLANG_WARN_DIRECT_OBJC_ISA_USAGE = YES_ERROR;
				CLANG_WARN_DOCUMENTATION_COMMENTS = YES;
				CLANG_WARN_EMPTY_BODY = YES;
				CLANG_WARN_ENUM_CONVERSION = YES;
				CLANG_WARN_INFINITE_RECURSION = YES;
				CLANG_WARN_INT_CONVERSION = YES;
				CLANG_WARN_NON_LITERAL_NULL_CONVERSION = YES;
				CLANG_WARN_OBJC_IMPLICIT_RETAIN_SELF = YES;
				CLANG_WARN_OBJC_LITERAL_CONVERSION = YES;
				CLANG_WARN_OBJC_ROOT_CLASS = YES_ERROR;
				CLANG_WARN_QUOTED_INCLUDE_IN_FRAMEWORK_HEADER = YES;
				CLANG_WARN_RANGE_LOOP_ANALYSIS = YES;
				CLANG_WARN_STRICT_PROTOTYPES = YES;
				CLANG_WARN_SUSPICIOUS_MOVE = YES;
				CLANG_WARN_UNGUARDED_AVAILABILITY = YES_AGGRESSIVE;
				CLANG_WARN_UNREACHABLE_CODE = YES;
				CLANG_WARN__DUPLICATE_METHOD_MATCH = YES;
				COPY_PHASE_STRIP = NO;
				DEBUG_INFORMATION_FORMAT = dwarf;
				ENABLE_STRICT_OBJC_MSGSEND = YES;
				ENABLE_TESTABILITY = YES;
				GCC_C_LANGUAGE_STANDARD = gnu11;
				GCC_DYNAMIC_NO_PIC = NO;
				GCC_NO_COMMON_BLOCKS = YES;
				GCC_OPTIMIZATION_LEVEL = 0;
				GCC_PREPROCESSOR_DEFINITIONS = (
					"DEBUG=1",
					"$(inherited)",
				);
				GCC_WARN_64_TO_32_BIT_CONVERSION = YES;
				GCC_WARN_ABOUT_RETURN_TYPE = YES_ERROR;
				GCC_WARN_UNDECLARED_SELECTOR = YES;
				GCC_WARN_UNINITIALIZED_AUTOS = YES_AGGRESSIVE;
				GCC_WARN_UNUSED_FUNCTION = YES;
				GCC_WARN_UNUSED_VARIABLE = YES;
				IPHONEOS_DEPLOYMENT_TARGET = 15.2;
				MTL_ENABLE_DEBUG_INFO = INCLUDE_SOURCE;
				MTL_FAST_MATH = YES;
				ONLY_ACTIVE_ARCH = YES;
				SDKROOT = iphoneos;
				SWIFT_ACTIVE_COMPILATION_CONDITIONS = DEBUG;
				SWIFT_OPTIMIZATION_LEVEL = "-Onone";
			};
			name = Debug;
		};
		1119FA412787308200AF25E1 /* Release */ = {
			isa = XCBuildConfiguration;
			buildSettings = {
				ALWAYS_SEARCH_USER_PATHS = NO;
				CLANG_ANALYZER_NONNULL = YES;
				CLANG_ANALYZER_NUMBER_OBJECT_CONVERSION = YES_AGGRESSIVE;
				CLANG_CXX_LANGUAGE_STANDARD = "gnu++17";
				CLANG_CXX_LIBRARY = "libc++";
				CLANG_ENABLE_MODULES = YES;
				CLANG_ENABLE_OBJC_ARC = YES;
				CLANG_ENABLE_OBJC_WEAK = YES;
				CLANG_WARN_BLOCK_CAPTURE_AUTORELEASING = YES;
				CLANG_WARN_BOOL_CONVERSION = YES;
				CLANG_WARN_COMMA = YES;
				CLANG_WARN_CONSTANT_CONVERSION = YES;
				CLANG_WARN_DEPRECATED_OBJC_IMPLEMENTATIONS = YES;
				CLANG_WARN_DIRECT_OBJC_ISA_USAGE = YES_ERROR;
				CLANG_WARN_DOCUMENTATION_COMMENTS = YES;
				CLANG_WARN_EMPTY_BODY = YES;
				CLANG_WARN_ENUM_CONVERSION = YES;
				CLANG_WARN_INFINITE_RECURSION = YES;
				CLANG_WARN_INT_CONVERSION = YES;
				CLANG_WARN_NON_LITERAL_NULL_CONVERSION = YES;
				CLANG_WARN_OBJC_IMPLICIT_RETAIN_SELF = YES;
				CLANG_WARN_OBJC_LITERAL_CONVERSION = YES;
				CLANG_WARN_OBJC_ROOT_CLASS = YES_ERROR;
				CLANG_WARN_QUOTED_INCLUDE_IN_FRAMEWORK_HEADER = YES;
				CLANG_WARN_RANGE_LOOP_ANALYSIS = YES;
				CLANG_WARN_STRICT_PROTOTYPES = YES;
				CLANG_WARN_SUSPICIOUS_MOVE = YES;
				CLANG_WARN_UNGUARDED_AVAILABILITY = YES_AGGRESSIVE;
				CLANG_WARN_UNREACHABLE_CODE = YES;
				CLANG_WARN__DUPLICATE_METHOD_MATCH = YES;
				COPY_PHASE_STRIP = NO;
				DEBUG_INFORMATION_FORMAT = "dwarf-with-dsym";
				ENABLE_NS_ASSERTIONS = NO;
				ENABLE_STRICT_OBJC_MSGSEND = YES;
				GCC_C_LANGUAGE_STANDARD = gnu11;
				GCC_NO_COMMON_BLOCKS = YES;
				GCC_WARN_64_TO_32_BIT_CONVERSION = YES;
				GCC_WARN_ABOUT_RETURN_TYPE = YES_ERROR;
				GCC_WARN_UNDECLARED_SELECTOR = YES;
				GCC_WARN_UNINITIALIZED_AUTOS = YES_AGGRESSIVE;
				GCC_WARN_UNUSED_FUNCTION = YES;
				GCC_WARN_UNUSED_VARIABLE = YES;
				IPHONEOS_DEPLOYMENT_TARGET = 15.2;
				MTL_ENABLE_DEBUG_INFO = NO;
				MTL_FAST_MATH = YES;
				SDKROOT = iphoneos;
				SWIFT_COMPILATION_MODE = wholemodule;
				SWIFT_OPTIMIZATION_LEVEL = "-O";
				VALIDATE_PRODUCT = YES;
			};
			name = Release;
		};
		1119FA432787308200AF25E1 /* Debug */ = {
			isa = XCBuildConfiguration;
			buildSettings = {
				ASSETCATALOG_COMPILER_APPICON_NAME = AppIcon;
				ASSETCATALOG_COMPILER_GLOBAL_ACCENT_COLOR_NAME = AccentColor;
				CODE_SIGN_STYLE = Automatic;
				CURRENT_PROJECT_VERSION = 1;
				GENERATE_INFOPLIST_FILE = YES;
				INFOPLIST_FILE = "pizzadelivery-ios/Info.plist";
				INFOPLIST_KEY_UIApplicationSupportsIndirectInputEvents = YES;
				INFOPLIST_KEY_UILaunchStoryboardName = LaunchScreen;
				INFOPLIST_KEY_UISupportedInterfaceOrientations_iPad = "UIInterfaceOrientationPortrait UIInterfaceOrientationPortraitUpsideDown UIInterfaceOrientationLandscapeLeft UIInterfaceOrientationLandscapeRight";
				INFOPLIST_KEY_UISupportedInterfaceOrientations_iPhone = "UIInterfaceOrientationPortrait UIInterfaceOrientationLandscapeLeft UIInterfaceOrientationLandscapeRight";
				LD_RUNPATH_SEARCH_PATHS = (
					"$(inherited)",
					"@executable_path/Frameworks",
				);
				MARKETING_VERSION = 1.0;
				PRODUCT_BUNDLE_IDENTIFIER = "com.brunobr.pizzadelivery-ios";
				PRODUCT_NAME = "$(TARGET_NAME)";
				SWIFT_EMIT_LOC_STRINGS = YES;
				SWIFT_VERSION = 5.0;
				TARGETED_DEVICE_FAMILY = "1,2";
			};
			name = Debug;
		};
		1119FA442787308200AF25E1 /* Release */ = {
			isa = XCBuildConfiguration;
			buildSettings = {
				ASSETCATALOG_COMPILER_APPICON_NAME = AppIcon;
				ASSETCATALOG_COMPILER_GLOBAL_ACCENT_COLOR_NAME = AccentColor;
				CODE_SIGN_STYLE = Automatic;
				CURRENT_PROJECT_VERSION = 1;
				GENERATE_INFOPLIST_FILE = YES;
				INFOPLIST_FILE = "pizzadelivery-ios/Info.plist";
				INFOPLIST_KEY_UIApplicationSupportsIndirectInputEvents = YES;
				INFOPLIST_KEY_UILaunchStoryboardName = LaunchScreen;
				INFOPLIST_KEY_UISupportedInterfaceOrientations_iPad = "UIInterfaceOrientationPortrait UIInterfaceOrientationPortraitUpsideDown UIInterfaceOrientationLandscapeLeft UIInterfaceOrientationLandscapeRight";
				INFOPLIST_KEY_UISupportedInterfaceOrientations_iPhone = "UIInterfaceOrientationPortrait UIInterfaceOrientationLandscapeLeft UIInterfaceOrientationLandscapeRight";
				LD_RUNPATH_SEARCH_PATHS = (
					"$(inherited)",
					"@executable_path/Frameworks",
				);
				MARKETING_VERSION = 1.0;
				PRODUCT_BUNDLE_IDENTIFIER = "com.brunobr.pizzadelivery-ios";
				PRODUCT_NAME = "$(TARGET_NAME)";
				SWIFT_EMIT_LOC_STRINGS = YES;
				SWIFT_VERSION = 5.0;
				TARGETED_DEVICE_FAMILY = "1,2";
			};
			name = Release;
		};
/* End XCBuildConfiguration section */

/* Begin XCConfigurationList section */
		1119FA292787307E00AF25E1 /* Build configuration list for PBXProject "pizzadelivery-ios" */ = {
			isa = XCConfigurationList;
			buildConfigurations = (
				1119FA402787308200AF25E1 /* Debug */,
				1119FA412787308200AF25E1 /* Release */,
			);
			defaultConfigurationIsVisible = 0;
			defaultConfigurationName = Release;
		};
		1119FA422787308200AF25E1 /* Build configuration list for PBXNativeTarget "pizzadelivery-ios" */ = {
			isa = XCConfigurationList;
			buildConfigurations = (
				1119FA432787308200AF25E1 /* Debug */,
				1119FA442787308200AF25E1 /* Release */,
			);
			defaultConfigurationIsVisible = 0;
			defaultConfigurationName = Release;
		};
/* End XCConfigurationList section */

/* Begin XCVersionGroup section */
		117EC0AD27A2E4150003D3EC /* DataModel.xcdatamodeld */ = {
			isa = XCVersionGroup;
			children = (
				117EC0AE27A2E4160003D3EC /* DataModel.xcdatamodel */,
			);
			currentVersion = 117EC0AE27A2E4160003D3EC /* DataModel.xcdatamodel */;
			path = DataModel.xcdatamodeld;
			sourceTree = "<group>";
			versionGroupType = wrapper.xcdatamodel;
		};
/* End XCVersionGroup section */
	};
	rootObject = 1119FA262787307E00AF25E1 /* Project object */;
}
